// !$*UTF8*$!
{
	archiveVersion = 1;
	classes = {
	};
	objectVersion = 50;
	objects = {

/* Begin PBXBuildFile section */
		D61434922542E38A001445CC /* AppDelegate.swift in Sources */ = {isa = PBXBuildFile; fileRef = D61434912542E38A001445CC /* AppDelegate.swift */; };
		D61434962542E38A001445CC /* ViewController.swift in Sources */ = {isa = PBXBuildFile; fileRef = D61434952542E38A001445CC /* ViewController.swift */; };
		D61434992542E38A001445CC /* Main.storyboard in Resources */ = {isa = PBXBuildFile; fileRef = D61434972542E38A001445CC /* Main.storyboard */; };
		D614349B2542E38E001445CC /* Assets.xcassets in Resources */ = {isa = PBXBuildFile; fileRef = D614349A2542E38E001445CC /* Assets.xcassets */; };
		D614349E2542E38E001445CC /* LaunchScreen.storyboard in Resources */ = {isa = PBXBuildFile; fileRef = D614349C2542E38E001445CC /* LaunchScreen.storyboard */; };
		D61434AD2543302B001445CC /* Screenshot_1.png in Resources */ = {isa = PBXBuildFile; fileRef = D61434AC2543302B001445CC /* Screenshot_1.png */; };
		D61434B025433044001445CC /* Screenshot_2.png in Resources */ = {isa = PBXBuildFile; fileRef = D61434AF25433044001445CC /* Screenshot_2.png */; };
/* End PBXBuildFile section */

/* Begin PBXFileReference section */
		D614348E2542E38A001445CC /* SignInWithAppleDemo.app */ = {isa = PBXFileReference; explicitFileType = wrapper.application; includeInIndex = 0; path = SignInWithAppleDemo.app; sourceTree = BUILT_PRODUCTS_DIR; };
		D61434912542E38A001445CC /* AppDelegate.swift */ = {isa = PBXFileReference; lastKnownFileType = sourcecode.swift; path = AppDelegate.swift; sourceTree = "<group>"; };
		D61434952542E38A001445CC /* ViewController.swift */ = {isa = PBXFileReference; lastKnownFileType = sourcecode.swift; path = ViewController.swift; sourceTree = "<group>"; };
		D61434982542E38A001445CC /* Base */ = {isa = PBXFileReference; lastKnownFileType = file.storyboard; name = Base; path = Base.lproj/Main.storyboard; sourceTree = "<group>"; };
		D614349A2542E38E001445CC /* Assets.xcassets */ = {isa = PBXFileReference; lastKnownFileType = folder.assetcatalog; path = Assets.xcassets; sourceTree = "<group>"; };
		D614349D2542E38E001445CC /* Base */ = {isa = PBXFileReference; lastKnownFileType = file.storyboard; name = Base; path = Base.lproj/LaunchScreen.storyboard; sourceTree = "<group>"; };
		D614349F2542E38E001445CC /* Info.plist */ = {isa = PBXFileReference; lastKnownFileType = text.plist.xml; path = Info.plist; sourceTree = "<group>"; };
		D61434A82542E3ED001445CC /* SignInWithAppleDemo.entitlements */ = {isa = PBXFileReference; lastKnownFileType = text.plist.entitlements; path = SignInWithAppleDemo.entitlements; sourceTree = "<group>"; };
		D61434AC2543302B001445CC /* Screenshot_1.png */ = {isa = PBXFileReference; lastKnownFileType = image.png; path = Screenshot_1.png; sourceTree = "<group>"; };
		D61434AF25433044001445CC /* Screenshot_2.png */ = {isa = PBXFileReference; lastKnownFileType = image.png; path = Screenshot_2.png; sourceTree = "<group>"; };
/* End PBXFileReference section */

/* Begin PBXFrameworksBuildPhase section */
		D614348B2542E38A001445CC /* Frameworks */ = {
			isa = PBXFrameworksBuildPhase;
			buildActionMask = 2147483647;
			files = (
			);
			runOnlyForDeploymentPostprocessing = 0;
		};
/* End PBXFrameworksBuildPhase section */

/* Begin PBXGroup section */
		D61434852542E38A001445CC = {
			isa = PBXGroup;
			children = (
				D61434902542E38A001445CC /* SignInWithAppleDemo */,
				D614348F2542E38A001445CC /* Products */,
			);
			sourceTree = "<group>";
		};
		D614348F2542E38A001445CC /* Products */ = {
			isa = PBXGroup;
			children = (
				D614348E2542E38A001445CC /* SignInWithAppleDemo.app */,
			);
			name = Products;
			sourceTree = "<group>";
		};
		D61434902542E38A001445CC /* SignInWithAppleDemo */ = {
			isa = PBXGroup;
			children = (
				D61434A82542E3ED001445CC /* SignInWithAppleDemo.entitlements */,
				D61434912542E38A001445CC /* AppDelegate.swift */,
				D61434952542E38A001445CC /* ViewController.swift */,
				D61434972542E38A001445CC /* Main.storyboard */,
				D614349A2542E38E001445CC /* Assets.xcassets */,
				D61434B22543306E001445CC /* Screenshots */,
				D614349C2542E38E001445CC /* LaunchScreen.storyboard */,
				D614349F2542E38E001445CC /* Info.plist */,
			);
			path = SignInWithAppleDemo;
			sourceTree = "<group>";
		};
		D61434B22543306E001445CC /* Screenshots */ = {
			isa = PBXGroup;
			children = (
				D61434AC2543302B001445CC /* Screenshot_1.png */,
				D61434AF25433044001445CC /* Screenshot_2.png */,
			);
			path = Screenshots;
			sourceTree = "<group>";
		};
/* End PBXGroup section */

/* Begin PBXNativeTarget section */
		D614348D2542E38A001445CC /* SignInWithAppleDemo */ = {
			isa = PBXNativeTarget;
			buildConfigurationList = D61434A22542E38E001445CC /* Build configuration list for PBXNativeTarget "SignInWithAppleDemo" */;
			buildPhases = (
				D614348A2542E38A001445CC /* Sources */,
				D614348B2542E38A001445CC /* Frameworks */,
				D614348C2542E38A001445CC /* Resources */,
			);
			buildRules = (
			);
			dependencies = (
			);
			name = SignInWithAppleDemo;
			productName = SignInWithAppleDemo;
			productReference = D614348E2542E38A001445CC /* SignInWithAppleDemo.app */;
			productType = "com.apple.product-type.application";
		};
/* End PBXNativeTarget section */

/* Begin PBXProject section */
		D61434862542E38A001445CC /* Project object */ = {
			isa = PBXProject;
			attributes = {
				LastSwiftUpdateCheck = 1200;
				LastUpgradeCheck = 1200;
				TargetAttributes = {
					D614348D2542E38A001445CC = {
						CreatedOnToolsVersion = 12.0;
					};
				};
			};
			buildConfigurationList = D61434892542E38A001445CC /* Build configuration list for PBXProject "SignInWithAppleDemo" */;
			compatibilityVersion = "Xcode 9.3";
			developmentRegion = en;
			hasScannedForEncodings = 0;
			knownRegions = (
				en,
				Base,
			);
			mainGroup = D61434852542E38A001445CC;
			productRefGroup = D614348F2542E38A001445CC /* Products */;
			projectDirPath = "";
			projectRoot = "";
			targets = (
				D614348D2542E38A001445CC /* SignInWithAppleDemo */,
			);
		};
/* End PBXProject section */

/* Begin PBXResourcesBuildPhase section */
		D614348C2542E38A001445CC /* Resources */ = {
			isa = PBXResourcesBuildPhase;
			buildActionMask = 2147483647;
			files = (
				D61434B025433044001445CC /* Screenshot_2.png in Resources */,
				D61434AD2543302B001445CC /* Screenshot_1.png in Resources */,
				D614349E2542E38E001445CC /* LaunchScreen.storyboard in Resources */,
				D614349B2542E38E001445CC /* Assets.xcassets in Resources */,
				D61434992542E38A001445CC /* Main.storyboard in Resources */,
			);
			runOnlyForDeploymentPostprocessing = 0;
		};
/* End PBXResourcesBuildPhase section */

/* Begin PBXSourcesBuildPhase section */
		D614348A2542E38A001445CC /* Sources */ = {
			isa = PBXSourcesBuildPhase;
			buildActionMask = 2147483647;
			files = (
				D61434962542E38A001445CC /* ViewController.swift in Sources */,
				D61434922542E38A001445CC /* AppDelegate.swift in Sources */,
			);
			runOnlyForDeploymentPostprocessing = 0;
		};
/* End PBXSourcesBuildPhase section */

/* Begin PBXVariantGroup section */
		D61434972542E38A001445CC /* Main.storyboard */ = {
			isa = PBXVariantGroup;
			children = (
				D61434982542E38A001445CC /* Base */,
			);
			name = Main.storyboard;
			sourceTree = "<group>";
		};
		D614349C2542E38E001445CC /* LaunchScreen.storyboard */ = {
			isa = PBXVariantGroup;
			children = (
				D614349D2542E38E001445CC /* Base */,
			);
			name = LaunchScreen.storyboard;
			sourceTree = "<group>";
		};
/* End PBXVariantGroup section */

/* Begin XCBuildConfiguration section */
		D61434A02542E38E001445CC /* Debug */ = {
			isa = XCBuildConfiguration;
			buildSettings = {
				ALWAYS_SEARCH_USER_PATHS = NO;
				CLANG_ANALYZER_NONNULL = YES;
				CLANG_ANALYZER_NUMBER_OBJECT_CONVERSION = YES_AGGRESSIVE;
				CLANG_CXX_LANGUAGE_STANDARD = "gnu++14";
				CLANG_CXX_LIBRARY = "libc++";
				CLANG_ENABLE_MODULES = YES;
				CLANG_ENABLE_OBJC_ARC = YES;
				CLANG_ENABLE_OBJC_WEAK = YES;
				CLANG_WARN_BLOCK_CAPTURE_AUTORELEASING = YES;
				CLANG_WARN_BOOL_CONVERSION = YES;
				CLANG_WARN_COMMA = YES;
				CLANG_WARN_CONSTANT_CONVERSION = YES;
				CLANG_WARN_DEPRECATED_OBJC_IMPLEMENTATIONS = YES;
				CLANG_WARN_DIRECT_OBJC_ISA_USAGE = YES_ERROR;
				CLANG_WARN_DOCUMENTATION_COMMENTS = YES;
				CLANG_WARN_EMPTY_BODY = YES;
				CLANG_WARN_ENUM_CONVERSION = YES;
				CLANG_WARN_INFINITE_RECURSION = YES;
				CLANG_WARN_INT_CONVERSION = YES;
				CLANG_WARN_NON_LITERAL_NULL_CONVERSION = YES;
				CLANG_WARN_OBJC_IMPLICIT_RETAIN_SELF = YES;
				CLANG_WARN_OBJC_LITERAL_CONVERSION = YES;
				CLANG_WARN_OBJC_ROOT_CLASS = YES_ERROR;
				CLANG_WARN_QUOTED_INCLUDE_IN_FRAMEWORK_HEADER = YES;
				CLANG_WARN_RANGE_LOOP_ANALYSIS = YES;
				CLANG_WARN_STRICT_PROTOTYPES = YES;
				CLANG_WARN_SUSPICIOUS_MOVE = YES;
				CLANG_WARN_UNGUARDED_AVAILABILITY = YES_AGGRESSIVE;
				CLANG_WARN_UNREACHABLE_CODE = YES;
				CLANG_WARN__DUPLICATE_METHOD_MATCH = YES;
				COPY_PHASE_STRIP = NO;
				DEBUG_INFORMATION_FORMAT = dwarf;
				ENABLE_STRICT_OBJC_MSGSEND = YES;
				ENABLE_TESTABILITY = YES;
				GCC_C_LANGUAGE_STANDARD = gnu11;
				GCC_DYNAMIC_NO_PIC = NO;
				GCC_NO_COMMON_BLOCKS = YES;
				GCC_OPTIMIZATION_LEVEL = 0;
				GCC_PREPROCESSOR_DEFINITIONS = (
					"DEBUG=1",
					"$(inherited)",
				);
				GCC_WARN_64_TO_32_BIT_CONVERSION = YES;
				GCC_WARN_ABOUT_RETURN_TYPE = YES_ERROR;
				GCC_WARN_UNDECLARED_SELECTOR = YES;
				GCC_WARN_UNINITIALIZED_AUTOS = YES_AGGRESSIVE;
				GCC_WARN_UNUSED_FUNCTION = YES;
				GCC_WARN_UNUSED_VARIABLE = YES;
				IPHONEOS_DEPLOYMENT_TARGET = 14.0;
				MTL_ENABLE_DEBUG_INFO = INCLUDE_SOURCE;
				MTL_FAST_MATH = YES;
				ONLY_ACTIVE_ARCH = YES;
				SDKROOT = iphoneos;
				SWIFT_ACTIVE_COMPILATION_CONDITIONS = DEBUG;
				SWIFT_OPTIMIZATION_LEVEL = "-Onone";
			};
			name = Debug;
		};
		D61434A12542E38E001445CC /* Release */ = {
			isa = XCBuildConfiguration;
			buildSettings = {
				ALWAYS_SEARCH_USER_PATHS = NO;
				CLANG_ANALYZER_NONNULL = YES;
				CLANG_ANALYZER_NUMBER_OBJECT_CONVERSION = YES_AGGRESSIVE;
				CLANG_CXX_LANGUAGE_STANDARD = "gnu++14";
				CLANG_CXX_LIBRARY = "libc++";
				CLANG_ENABLE_MODULES = YES;
				CLANG_ENABLE_OBJC_ARC = YES;
				CLANG_ENABLE_OBJC_WEAK = YES;
				CLANG_WARN_BLOCK_CAPTURE_AUTORELEASING = YES;
				CLANG_WARN_BOOL_CONVERSION = YES;
				CLANG_WARN_COMMA = YES;
				CLANG_WARN_CONSTANT_CONVERSION = YES;
				CLANG_WARN_DEPRECATED_OBJC_IMPLEMENTATIONS = YES;
				CLANG_WARN_DIRECT_OBJC_ISA_USAGE = YES_ERROR;
				CLANG_WARN_DOCUMENTATION_COMMENTS = YES;
				CLANG_WARN_EMPTY_BODY = YES;
				CLANG_WARN_ENUM_CONVERSION = YES;
				CLANG_WARN_INFINITE_RECURSION = YES;
				CLANG_WARN_INT_CONVERSION = YES;
				CLANG_WARN_NON_LITERAL_NULL_CONVERSION = YES;
				CLANG_WARN_OBJC_IMPLICIT_RETAIN_SELF = YES;
				CLANG_WARN_OBJC_LITERAL_CONVERSION = YES;
				CLANG_WARN_OBJC_ROOT_CLASS = YES_ERROR;
				CLANG_WARN_QUOTED_INCLUDE_IN_FRAMEWORK_HEADER = YES;
				CLANG_WARN_RANGE_LOOP_ANALYSIS = YES;
				CLANG_WARN_STRICT_PROTOTYPES = YES;
				CLANG_WARN_SUSPICIOUS_MOVE = YES;
				CLANG_WARN_UNGUARDED_AVAILABILITY = YES_AGGRESSIVE;
				CLANG_WARN_UNREACHABLE_CODE = YES;
				CLANG_WARN__DUPLICATE_METHOD_MATCH = YES;
				COPY_PHASE_STRIP = NO;
				DEBUG_INFORMATION_FORMAT = "dwarf-with-dsym";
				ENABLE_NS_ASSERTIONS = NO;
				ENABLE_STRICT_OBJC_MSGSEND = YES;
				GCC_C_LANGUAGE_STANDARD = gnu11;
				GCC_NO_COMMON_BLOCKS = YES;
				GCC_WARN_64_TO_32_BIT_CONVERSION = YES;
				GCC_WARN_ABOUT_RETURN_TYPE = YES_ERROR;
				GCC_WARN_UNDECLARED_SELECTOR = YES;
				GCC_WARN_UNINITIALIZED_AUTOS = YES_AGGRESSIVE;
				GCC_WARN_UNUSED_FUNCTION = YES;
				GCC_WARN_UNUSED_VARIABLE = YES;
				IPHONEOS_DEPLOYMENT_TARGET = 14.0;
				MTL_ENABLE_DEBUG_INFO = NO;
				MTL_FAST_MATH = YES;
				SDKROOT = iphoneos;
				SWIFT_COMPILATION_MODE = wholemodule;
				SWIFT_OPTIMIZATION_LEVEL = "-O";
				VALIDATE_PRODUCT = YES;
			};
			name = Release;
		};
		D61434A32542E38E001445CC /* Debug */ = {
			isa = XCBuildConfiguration;
			buildSettings = {
				ASSETCATALOG_COMPILER_APPICON_NAME = AppIcon;
				ASSETCATALOG_COMPILER_GLOBAL_ACCENT_COLOR_NAME = AccentColor;
				CODE_SIGN_ENTITLEMENTS = SignInWithAppleDemo/SignInWithAppleDemo.entitlements;
				CODE_SIGN_STYLE = Automatic;
				INFOPLIST_FILE = SignInWithAppleDemo/Info.plist;
				LD_RUNPATH_SEARCH_PATHS = (
					"$(inherited)",
					"@executable_path/Frameworks",
				);
				PRODUCT_BUNDLE_IDENTIFIER = com.rohit.SignInWithAppleDemo;
				PRODUCT_NAME = "$(TARGET_NAME)";
				SWIFT_VERSION = 5.0;
				TARGETED_DEVICE_FAMILY = "1,2";
			};
			name = Debug;
		};
		D61434A42542E38E001445CC /* Release */ = {
			isa = XCBuildConfiguration;
			buildSettings = {
				ASSETCATALOG_COMPILER_APPICON_NAME = AppIcon;
				ASSETCATALOG_COMPILER_GLOBAL_ACCENT_COLOR_NAME = AccentColor;
				CODE_SIGN_ENTITLEMENTS = SignInWithAppleDemo/SignInWithAppleDemo.entitlements;
				CODE_SIGN_STYLE = Automatic;
				INFOPLIST_FILE = SignInWithAppleDemo/Info.plist;
				LD_RUNPATH_SEARCH_PATHS = (
					"$(inherited)",
					"@executable_path/Frameworks",
				);
				PRODUCT_BUNDLE_IDENTIFIER = com.rohit.SignInWithAppleDemo;
				PRODUCT_NAME = "$(TARGET_NAME)";
				SWIFT_VERSION = 5.0;
				TARGETED_DEVICE_FAMILY = "1,2";
			};
			name = Release;
		};
/* End XCBuildConfiguration section */

/* Begin XCConfigurationList section */
		D61434892542E38A001445CC /* Build configuration list for PBXProject "SignInWithAppleDemo" */ = {
			isa = XCConfigurationList;
			buildConfigurations = (
				D61434A02542E38E001445CC /* Debug */,
				D61434A12542E38E001445CC /* Release */,
			);
			defaultConfigurationIsVisible = 0;
			defaultConfigurationName = Release;
		};
		D61434A22542E38E001445CC /* Build configuration list for PBXNativeTarget "SignInWithAppleDemo" */ = {
			isa = XCConfigurationList;
			buildConfigurations = (
				D61434A32542E38E001445CC /* Debug */,
				D61434A42542E38E001445CC /* Release */,
			);
			defaultConfigurationIsVisible = 0;
			defaultConfigurationName = Release;
		};
/* End XCConfigurationList section */
	};
	rootObject = D61434862542E38A001445CC /* Project object */;
}
